
Microsoft Visual Studio Solution File, Format Version 12.00
# Visual Studio 14
VisualStudioVersion = 14.0.24720.0
MinimumVisualStudioVersion = 10.0.40219.1
Project("{8BC9CEB8-8B4A-11D0-8D11-00A0C91BC942}") = "TP1", "TP1\TP1.vcxproj", "{55672B3B-CF6C-47CF-8E98-AF8631A3E3D0}"
EndProject
Project("{8BC9CEB8-8B4A-11D0-8D11-00A0C91BC942}") = "TP2", "TP2\TP2.vcxproj", "{EE1028F7-B2DC-4751-B376-1ACB0F18BE7A}"
EndProject
Project("{8BC9CEB8-8B4A-11D0-8D11-00A0C91BC942}") = "TP3", "TP3\TP3.vcxproj", "{47B92AA9-0EE5-45A4-A48D-9A7ABFC25A55}"
EndProject
Project("{8BC9CEB8-8B4A-11D0-8D11-00A0C91BC942}") = "TP4", "TP4\TP4.vcxproj", "{00892C1B-2A02-4FF0-96C0-68BB4867E975}"
EndProject
Project("{8BC9CEB8-8B4A-11D0-8D11-00A0C91BC942}") = "TP5", "TP5\TP5.vcxproj", "{76614B5A-E309-455B-9926-56E1575A9DA1}"
EndProject
Project("{8BC9CEB8-8B4A-11D0-8D11-00A0C91BC942}") = "TP6", "TP6\TP6.vcxproj", "{F9E18DFF-598B-402C-AEEA-29C51B24BF74}"
EndProject
Project("{8BC9CEB8-8B4A-11D0-8D11-00A0C91BC942}") = "TP7", "TP7\TP7.vcxproj", "{D51D82CD-00F4-44FB-A0F8-B9FE122DBFB0}"
EndProject
Project("{8BC9CEB8-8B4A-11D0-8D11-00A0C91BC942}") = "EI1", "EI1\EI1.vcxproj", "{C313CBB3-69A0-44E1-A6C9-A7B63CAB1390}"
EndProject
Project("{8BC9CEB8-8B4A-11D0-8D11-00A0C91BC942}") = "SDL", "SDL\SDL.vcxproj", "{19EA0005-11B8-4DC6-97CE-A856AD1E1DD3}"
EndProject
Global
	GlobalSection(SolutionConfigurationPlatforms) = preSolution
		Debug|x64 = Debug|x64
		Debug|x86 = Debug|x86
		Release|x64 = Release|x64
		Release|x86 = Release|x86
	EndGlobalSection
	GlobalSection(ProjectConfigurationPlatforms) = postSolution
		{55672B3B-CF6C-47CF-8E98-AF8631A3E3D0}.Debug|x64.ActiveCfg = Debug|x64
		{55672B3B-CF6C-47CF-8E98-AF8631A3E3D0}.Debug|x64.Build.0 = Debug|x64
		{55672B3B-CF6C-47CF-8E98-AF8631A3E3D0}.Debug|x86.ActiveCfg = Debug|Win32
		{55672B3B-CF6C-47CF-8E98-AF8631A3E3D0}.Debug|x86.Build.0 = Debug|Win32
		{55672B3B-CF6C-47CF-8E98-AF8631A3E3D0}.Release|x64.ActiveCfg = Release|x64
		{55672B3B-CF6C-47CF-8E98-AF8631A3E3D0}.Release|x64.Build.0 = Release|x64
		{55672B3B-CF6C-47CF-8E98-AF8631A3E3D0}.Release|x86.ActiveCfg = Release|Win32
		{55672B3B-CF6C-47CF-8E98-AF8631A3E3D0}.Release|x86.Build.0 = Release|Win32
		{EE1028F7-B2DC-4751-B376-1ACB0F18BE7A}.Debug|x64.ActiveCfg = Debug|x64
		{EE1028F7-B2DC-4751-B376-1ACB0F18BE7A}.Debug|x64.Build.0 = Debug|x64
		{EE1028F7-B2DC-4751-B376-1ACB0F18BE7A}.Debug|x86.ActiveCfg = Debug|Win32
		{EE1028F7-B2DC-4751-B376-1ACB0F18BE7A}.Debug|x86.Build.0 = Debug|Win32
		{EE1028F7-B2DC-4751-B376-1ACB0F18BE7A}.Release|x64.ActiveCfg = Release|x64
		{EE1028F7-B2DC-4751-B376-1ACB0F18BE7A}.Release|x64.Build.0 = Release|x64
		{EE1028F7-B2DC-4751-B376-1ACB0F18BE7A}.Release|x86.ActiveCfg = Release|Win32
		{EE1028F7-B2DC-4751-B376-1ACB0F18BE7A}.Release|x86.Build.0 = Release|Win32
		{47B92AA9-0EE5-45A4-A48D-9A7ABFC25A55}.Debug|x64.ActiveCfg = Debug|x64
		{47B92AA9-0EE5-45A4-A48D-9A7ABFC25A55}.Debug|x64.Build.0 = Debug|x64
		{47B92AA9-0EE5-45A4-A48D-9A7ABFC25A55}.Debug|x86.ActiveCfg = Debug|Win32
		{47B92AA9-0EE5-45A4-A48D-9A7ABFC25A55}.Debug|x86.Build.0 = Debug|Win32
		{47B92AA9-0EE5-45A4-A48D-9A7ABFC25A55}.Release|x64.ActiveCfg = Release|x64
		{47B92AA9-0EE5-45A4-A48D-9A7ABFC25A55}.Release|x64.Build.0 = Release|x64
		{47B92AA9-0EE5-45A4-A48D-9A7ABFC25A55}.Release|x86.ActiveCfg = Release|Win32
		{47B92AA9-0EE5-45A4-A48D-9A7ABFC25A55}.Release|x86.Build.0 = Release|Win32
		{00892C1B-2A02-4FF0-96C0-68BB4867E975}.Debug|x64.ActiveCfg = Debug|x64
		{00892C1B-2A02-4FF0-96C0-68BB4867E975}.Debug|x64.Build.0 = Debug|x64
		{00892C1B-2A02-4FF0-96C0-68BB4867E975}.Debug|x86.ActiveCfg = Debug|Win32
		{00892C1B-2A02-4FF0-96C0-68BB4867E975}.Debug|x86.Build.0 = Debug|Win32
		{00892C1B-2A02-4FF0-96C0-68BB4867E975}.Release|x64.ActiveCfg = Release|x64
		{00892C1B-2A02-4FF0-96C0-68BB4867E975}.Release|x64.Build.0 = Release|x64
		{00892C1B-2A02-4FF0-96C0-68BB4867E975}.Release|x86.ActiveCfg = Release|Win32
		{00892C1B-2A02-4FF0-96C0-68BB4867E975}.Release|x86.Build.0 = Release|Win32
		{76614B5A-E309-455B-9926-56E1575A9DA1}.Debug|x64.ActiveCfg = Debug|x64
		{76614B5A-E309-455B-9926-56E1575A9DA1}.Debug|x64.Build.0 = Debug|x64
		{76614B5A-E309-455B-9926-56E1575A9DA1}.Debug|x86.ActiveCfg = Debug|Win32
		{76614B5A-E309-455B-9926-56E1575A9DA1}.Debug|x86.Build.0 = Debug|Win32
		{76614B5A-E309-455B-9926-56E1575A9DA1}.Release|x64.ActiveCfg = Release|x64
		{76614B5A-E309-455B-9926-56E1575A9DA1}.Release|x64.Build.0 = Release|x64
		{76614B5A-E309-455B-9926-56E1575A9DA1}.Release|x86.ActiveCfg = Release|Win32
		{76614B5A-E309-455B-9926-56E1575A9DA1}.Release|x86.Build.0 = Release|Win32
		{F9E18DFF-598B-402C-AEEA-29C51B24BF74}.Debug|x64.ActiveCfg = Debug|x64
		{F9E18DFF-598B-402C-AEEA-29C51B24BF74}.Debug|x64.Build.0 = Debug|x64
		{F9E18DFF-598B-402C-AEEA-29C51B24BF74}.Debug|x86.ActiveCfg = Debug|Win32
		{F9E18DFF-598B-402C-AEEA-29C51B24BF74}.Debug|x86.Build.0 = Debug|Win32
		{F9E18DFF-598B-402C-AEEA-29C51B24BF74}.Release|x64.ActiveCfg = Release|x64
		{F9E18DFF-598B-402C-AEEA-29C51B24BF74}.Release|x64.Build.0 = Release|x64
		{F9E18DFF-598B-402C-AEEA-29C51B24BF74}.Release|x86.ActiveCfg = Release|Win32
		{F9E18DFF-598B-402C-AEEA-29C51B24BF74}.Release|x86.Build.0 = Release|Win32
		{D51D82CD-00F4-44FB-A0F8-B9FE122DBFB0}.Debug|x64.ActiveCfg = Debug|x64
		{D51D82CD-00F4-44FB-A0F8-B9FE122DBFB0}.Debug|x64.Build.0 = Debug|x64
		{D51D82CD-00F4-44FB-A0F8-B9FE122DBFB0}.Debug|x86.ActiveCfg = Debug|Win32
		{D51D82CD-00F4-44FB-A0F8-B9FE122DBFB0}.Debug|x86.Build.0 = Debug|Win32
		{D51D82CD-00F4-44FB-A0F8-B9FE122DBFB0}.Release|x64.ActiveCfg = Release|x64
		{D51D82CD-00F4-44FB-A0F8-B9FE122DBFB0}.Release|x64.Build.0 = Release|x64
		{D51D82CD-00F4-44FB-A0F8-B9FE122DBFB0}.Release|x86.ActiveCfg = Release|Win32
		{D51D82CD-00F4-44FB-A0F8-B9FE122DBFB0}.Release|x86.Build.0 = Release|Win32
		{C313CBB3-69A0-44E1-A6C9-A7B63CAB1390}.Debug|x64.ActiveCfg = Debug|x64
		{C313CBB3-69A0-44E1-A6C9-A7B63CAB1390}.Debug|x64.Build.0 = Debug|x64
		{C313CBB3-69A0-44E1-A6C9-A7B63CAB1390}.Debug|x86.ActiveCfg = Debug|Win32
		{C313CBB3-69A0-44E1-A6C9-A7B63CAB1390}.Debug|x86.Build.0 = Debug|Win32
		{C313CBB3-69A0-44E1-A6C9-A7B63CAB1390}.Release|x64.ActiveCfg = Release|x64
		{C313CBB3-69A0-44E1-A6C9-A7B63CAB1390}.Release|x64.Build.0 = Release|x64
		{C313CBB3-69A0-44E1-A6C9-A7B63CAB1390}.Release|x86.ActiveCfg = Release|Win32
		{C313CBB3-69A0-44E1-A6C9-A7B63CAB1390}.Release|x86.Build.0 = Release|Win32
		{19EA0005-11B8-4DC6-97CE-A856AD1E1DD3}.Debug|x64.ActiveCfg = Debug|x64
		{19EA0005-11B8-4DC6-97CE-A856AD1E1DD3}.Debug|x64.Build.0 = Debug|x64
		{19EA0005-11B8-4DC6-97CE-A856AD1E1DD3}.Debug|x86.ActiveCfg = Debug|Win32
		{19EA0005-11B8-4DC6-97CE-A856AD1E1DD3}.Debug|x86.Build.0 = Debug|Win32
		{19EA0005-11B8-4DC6-97CE-A856AD1E1DD3}.Release|x64.ActiveCfg = Release|x64
		{19EA0005-11B8-4DC6-97CE-A856AD1E1DD3}.Release|x64.Build.0 = Release|x64
		{19EA0005-11B8-4DC6-97CE-A856AD1E1DD3}.Release|x86.ActiveCfg = Release|Win32
		{19EA0005-11B8-4DC6-97CE-A856AD1E1DD3}.Release|x86.Build.0 = Release|Win32
	EndGlobalSection
	GlobalSection(SolutionProperties) = preSolution
		HideSolutionNode = FALSE
	EndGlobalSection
EndGlobal
